[[package]]
name = "apipkg"
version = "1.5"
description = "apipkg: namespace control and lazy-import mechanism"
category = "main"
optional = false
python-versions = ">=2.7, !=3.0.*, !=3.1.*, !=3.2.*, !=3.3.*"

[[package]]
name = "atomicwrites"
version = "1.3.0"
description = "Atomic file writes."
category = "main"
optional = false
python-versions = ">=2.7, !=3.0.*, !=3.1.*, !=3.2.*, !=3.3.*"

[[package]]
name = "attrs"
version = "19.3.0"
description = "Classes Without Boilerplate"
category = "main"
optional = false
python-versions = ">=2.7, !=3.0.*, !=3.1.*, !=3.2.*, !=3.3.*"

[package.extras]
azure-pipelines = ["coverage", "hypothesis", "pympler", "pytest (>=4.3.0)", "six", "zope.interface", "pytest-azurepipelines"]
dev = ["coverage", "hypothesis", "pympler", "pytest (>=4.3.0)", "six", "zope.interface", "sphinx", "pre-commit"]
docs = ["sphinx", "zope.interface"]
tests = ["coverage", "hypothesis", "pympler", "pytest (>=4.3.0)", "six", "zope.interface"]

[[package]]
name = "certifi"
version = "2019.11.28"
description = "Python package for providing Mozilla's CA Bundle."
category = "main"
optional = false
python-versions = "*"

[[package]]
name = "cffi"
version = "1.13.2"
description = "Foreign Function Interface for Python calling C code."
category = "main"
optional = false
python-versions = "*"

[package.dependencies]
pycparser = "*"

[[package]]
name = "chardet"
version = "3.0.4"
description = "Universal encoding detector for Python 2 and 3"
category = "main"
optional = false
python-versions = "*"

[[package]]
name = "codecov"
version = "2.0.15"
description = "Hosted coverage reports for Github, Bitbucket and Gitlab"
category = "main"
optional = false
python-versions = "*"

[package.dependencies]
coverage = "*"
requests = ">=2.7.9"

[[package]]
name = "colorama"
version = "0.4.3"
description = "Cross-platform colored terminal text."
category = "main"
optional = false
python-versions = ">=2.7, !=3.0.*, !=3.1.*, !=3.2.*, !=3.3.*, !=3.4.*"

[[package]]
name = "coverage"
version = "5.0.1"
description = "Code coverage measurement for Python"
category = "main"
optional = false
python-versions = ">=2.7, !=3.0.*, !=3.1.*, !=3.2.*, !=3.3.*, !=3.4.*, <4"

[package.extras]
toml = ["toml"]

[[package]]
name = "cryptography"
version = "2.8"
description = "cryptography is a package which provides cryptographic recipes and primitives to Python developers."
category = "main"
optional = false
python-versions = ">=2.7,!=3.0.*,!=3.1.*,!=3.2.*,!=3.3.*"

[package.dependencies]
cffi = ">=1.8,<1.11.3 || >1.11.3"
six = ">=1.4.1"

[package.extras]
docs = ["sphinx (>=1.6.5,!=1.8.0)", "sphinx-rtd-theme"]
docstest = ["doc8", "pyenchant (>=1.6.11)", "twine (>=1.12.0)", "sphinxcontrib-spelling (>=4.0.1)"]
idna = ["idna (>=2.1)"]
pep8test = ["flake8", "flake8-import-order", "pep8-naming"]
test = ["pytest (>=3.6.0,!=3.9.0,!=3.9.1,!=3.9.2)", "pretend", "iso8601", "pytz", "hypothesis (>=1.11.4,!=3.79.2)"]

[[package]]
name = "dj-database-url"
version = "0.5.0"
description = "Use Database URLs in your Django Application."
category = "main"
optional = false
python-versions = "*"

[[package]]
name = "django"
version = "2.2.13"
description = "A high-level Python Web framework that encourages rapid development and clean, pragmatic design."
category = "main"
optional = false
python-versions = ">=3.5"

[package.dependencies]
pytz = "*"
sqlparse = "*"

[package.extras]
argon2 = ["argon2-cffi (>=16.1.0)"]
bcrypt = ["bcrypt"]

[[package]]
name = "django-dbbackup"
version = "3.2.0"
description = "Management commands to help backup and restore a project database and media"
category = "main"
optional = false
python-versions = "*"

[package.dependencies]
Django = ">=1.5"
pytz = "*"
six = "*"

[[package]]
name = "django-extensions"
version = "2.2.5"
description = "Extensions for Django"
category = "main"
optional = false
python-versions = "*"

[package.dependencies]
six = ">=1.2"

[[package]]
name = "emoji"
version = "0.5.4"
description = "Emoji for Python"
category = "main"
optional = false
python-versions = "*"

[package.extras]
dev = ["nose", "coverage", "coveralls"]

[[package]]
name = "execnet"
version = "1.7.1"
description = "execnet: rapid multi-Python deployment"
category = "main"
optional = false
python-versions = ">=2.7, !=3.0.*, !=3.1.*, !=3.2.*, !=3.3.*"

[package.dependencies]
apipkg = ">=1.4"

[package.extras]
testing = ["pre-commit"]

[[package]]
name = "future"
version = "0.18.2"
description = "Clean single-source support for Python 3 and 2"
category = "main"
optional = false
python-versions = ">=2.6, !=3.0.*, !=3.1.*, !=3.2.*"

[[package]]
name = "gunicorn"
version = "19.10.0"
description = "WSGI HTTP Server for UNIX"
category = "main"
optional = false
python-versions = ">=2.6, !=3.0.*, !=3.1.*"

[package.extras]
eventlet = ["eventlet (>=0.9.7)"]
gevent = ["gevent (>=0.13)"]
tornado = ["tornado (>=0.2)"]

[[package]]
name = "idna"
version = "2.8"
description = "Internationalized Domain Names in Applications (IDNA)"
category = "main"
optional = false
python-versions = ">=2.7, !=3.0.*, !=3.1.*, !=3.2.*, !=3.3.*"

[[package]]
name = "importlib-metadata"
version = "1.3.0"
description = "Read metadata from Python packages"
category = "main"
optional = false
python-versions = "!=3.0.*,!=3.1.*,!=3.2.*,!=3.3.*,!=3.4.*,>=2.7"

[package.dependencies]
zipp = ">=0.5"

[package.extras]
docs = ["sphinx", "rst.linker"]
testing = ["packaging", "importlib-resources"]

[[package]]
name = "more-itertools"
version = "8.0.2"
description = "More routines for operating on iterables, beyond itertools"
category = "main"
optional = false
python-versions = ">=3.5"

[[package]]
name = "packaging"
version = "19.2"
description = "Core utilities for Python packages"
category = "main"
optional = false
python-versions = ">=2.7, !=3.0.*, !=3.1.*, !=3.2.*, !=3.3.*"

[package.dependencies]
pyparsing = ">=2.0.2"
six = "*"

[[package]]
name = "pluggy"
version = "0.13.1"
description = "plugin and hook calling mechanisms for python"
category = "main"
optional = false
python-versions = ">=2.7, !=3.0.*, !=3.1.*, !=3.2.*, !=3.3.*"

[package.dependencies]
importlib-metadata = {version = ">=0.12", markers = "python_version < \"3.8\""}

[package.extras]
dev = ["pre-commit", "tox"]

[[package]]
name = "psycopg2-binary"
version = "2.8.4"
description = "psycopg2 - Python-PostgreSQL Database Adapter"
category = "main"
optional = false
python-versions = ">=2.7,!=3.0.*,!=3.1.*,!=3.2.*,!=3.3.*"

[[package]]
name = "py"
version = "1.10.0"
description = "library with cross-python path, ini-parsing, io, code, log facilities"
category = "main"
optional = false
python-versions = ">=2.7, !=3.0.*, !=3.1.*, !=3.2.*, !=3.3.*"

[[package]]
name = "pycparser"
version = "2.19"
description = "C parser in Python"
category = "main"
optional = false
python-versions = ">=2.7, !=3.0.*, !=3.1.*, !=3.2.*, !=3.3.*"

[[package]]
name = "pyparsing"
version = "2.4.6"
description = "Python parsing module"
category = "main"
optional = false
python-versions = ">=2.6, !=3.0.*, !=3.1.*, !=3.2.*"

[[package]]
name = "pytest"
version = "4.6.8"
description = "pytest: simple powerful testing with Python"
category = "main"
optional = false
python-versions = "!=3.0.*,!=3.1.*,!=3.2.*,!=3.3.*,>=2.7"

[package.dependencies]
atomicwrites = ">=1.0"
attrs = ">=17.4.0"
colorama = {version = "*", markers = "sys_platform == \"win32\" and python_version != \"3.4\""}
importlib-metadata = {version = ">=0.12", markers = "python_version < \"3.8\""}
more-itertools = {version = ">=4.0.0", markers = "python_version > \"2.7\""}
packaging = "*"
pluggy = ">=0.12,<1.0"
py = ">=1.5.0"
six = ">=1.10.0"
wcwidth = "*"

[package.extras]
testing = ["argcomplete", "hypothesis (>=3.56)", "nose", "requests", "mock"]

[[package]]
name = "pytest-cov"
version = "2.8.1"
description = "Pytest plugin for measuring coverage."
category = "main"
optional = false
python-versions = ">=2.7, !=3.0.*, !=3.1.*, !=3.2.*, !=3.3.*"

[package.dependencies]
coverage = ">=4.4"
pytest = ">=3.6"

[package.extras]
testing = ["fields", "hunter", "process-tests (==2.0.2)", "six", "virtualenv"]

[[package]]
name = "pytest-django"
version = "3.7.0"
description = "A Django plugin for pytest."
category = "main"
optional = false
python-versions = ">=2.7, !=3.0.*, !=3.1.*, !=3.2.*, !=3.3.*"

[package.dependencies]
pytest = ">=3.6"

[package.extras]
docs = ["sphinx", "sphinx-rtd-theme"]
testing = ["django", "django-configurations (>=2.0)", "six"]

[[package]]
name = "pytest-forked"
version = "1.1.3"
description = "run tests in isolated forked subprocesses"
category = "main"
optional = false
python-versions = ">=2.7, !=3.0.*, !=3.1.*, !=3.2.*, !=3.3.*"

[package.dependencies]
pytest = ">=3.1.0"

[[package]]
name = "pytest-mock"
version = "1.13.0"
description = "Thin-wrapper around the mock package for easier use with py.test"
category = "main"
optional = false
python-versions = ">=2.7, !=3.0.*, !=3.1.*, !=3.2.*, !=3.3.*"

[package.dependencies]
pytest = ">=2.7"

[package.extras]
dev = ["pre-commit", "tox"]

[[package]]
name = "pytest-xdist"
version = "1.31.0"
description = "pytest xdist plugin for distributed testing and loop-on-failing modes"
category = "main"
optional = false
python-versions = ">=2.7, !=3.0.*, !=3.1.*, !=3.2.*, !=3.3.*"

[package.dependencies]
execnet = ">=1.1"
pytest = ">=4.4.0"
pytest-forked = "*"
six = "*"

[package.extras]
testing = ["filelock"]

[[package]]
name = "python-telegram-bot"
version = "12.0.0b1"
description = "We have made you a wrapper you can't refuse"
category = "main"
optional = false
python-versions = "*"

[package.dependencies]
certifi = "*"
cryptography = "*"
future = ">=0.16.0"
tornado = ">=5.1"

[package.extras]
json = ["ujson"]
socks = ["pysocks"]

[[package]]
name = "pytz"
version = "2019.3"
description = "World timezone definitions, modern and historical"
category = "main"
optional = false
python-versions = "*"

[[package]]
name = "redis"
version = "3.3.11"
description = "Python client for Redis key-value store"
category = "main"
optional = false
python-versions = ">=2.7, !=3.0.*, !=3.1.*, !=3.2.*, !=3.3.*"

[package.extras]
hiredis = ["hiredis (>=0.1.3)"]

[[package]]
name = "regex"
version = "2019.12.20"
description = "Alternative regular expression module, to replace re."
category = "main"
optional = false
python-versions = "*"

[[package]]
name = "requests"
version = "2.22.0"
description = "Python HTTP for Humans."
category = "main"
optional = false
python-versions = ">=2.7, !=3.0.*, !=3.1.*, !=3.2.*, !=3.3.*, !=3.4.*"

[package.dependencies]
certifi = ">=2017.4.17"
chardet = ">=3.0.2,<3.1.0"
idna = ">=2.5,<2.9"
urllib3 = ">=1.21.1,<1.25.0 || >1.25.0,<1.25.1 || >1.25.1,<1.26"

[package.extras]
security = ["pyOpenSSL (>=0.14)", "cryptography (>=1.3.4)", "idna (>=2.0.0)"]
socks = ["PySocks (>=1.5.6,!=1.5.7)", "win-inet-pton"]

[[package]]
name = "schedule"
version = "0.6.0"
description = "Job scheduling for humans."
category = "main"
optional = false
python-versions = "*"

[[package]]
name = "six"
version = "1.13.0"
description = "Python 2 and 3 compatibility utilities"
category = "main"
optional = false
python-versions = ">=2.6, !=3.0.*, !=3.1.*"

[[package]]
name = "sqlparse"
version = "0.3.0"
description = "Non-validating SQL parser"
category = "main"
optional = false
python-versions = ">=2.7, !=3.0.*, !=3.1.*, !=3.2.*, !=3.3.*"

[[package]]
name = "tornado"
version = "6.0.3"
description = "Tornado is a Python web framework and asynchronous networking library, originally developed at FriendFeed."
category = "main"
optional = false
python-versions = ">= 3.5"

[[package]]
name = "urllib3"
version = "1.25.7"
description = "HTTP library with thread-safe connection pooling, file post, and more."
category = "main"
optional = false
python-versions = ">=2.7, !=3.0.*, !=3.1.*, !=3.2.*, !=3.3.*, <4"

[package.extras]
brotli = ["brotlipy (>=0.6.0)"]
secure = ["pyOpenSSL (>=0.14)", "cryptography (>=1.3.4)", "idna (>=2.0.0)", "certifi", "ipaddress"]
socks = ["PySocks (>=1.5.6,!=1.5.7,<2.0)"]

[[package]]
name = "wcwidth"
version = "0.1.7"
description = "Measures number of Terminal column cells of wide-character codes"
category = "main"
optional = false
python-versions = "*"

[[package]]
name = "whitenoise"
version = "4.1.4"
description = "Radically simplified static file serving for WSGI applications"
category = "main"
optional = false
python-versions = "*"

[package.extras]
brotli = ["brotli"]

[[package]]
name = "zipp"
version = "0.6.0"
description = "Backport of pathlib-compatible object wrapper for zip files"
category = "main"
optional = false
python-versions = ">=2.7"

[package.dependencies]
more-itertools = "*"

[package.extras]
docs = ["sphinx", "jaraco.packaging (>=3.2)", "rst.linker (>=1.9)"]
testing = ["pathlib2", "contextlib2", "unittest2"]

[metadata]
lock-version = "1.1"
python-versions = "^3.6"
content-hash = "b1427faa5c24b6654620a55af0243139d315ab2f0c405bf588c1734ac744218e"

[metadata.files]
apipkg = [
    {file = "apipkg-1.5-py2.py3-none-any.whl", hash = "sha256:58587dd4dc3daefad0487f6d9ae32b4542b185e1c36db6993290e7c41ca2b47c"},
    {file = "apipkg-1.5.tar.gz", hash = "sha256:37228cda29411948b422fae072f57e31d3396d2ee1c9783775980ee9c9990af6"},
]
atomicwrites = [
    {file = "atomicwrites-1.3.0-py2.py3-none-any.whl", hash = "sha256:03472c30eb2c5d1ba9227e4c2ca66ab8287fbfbbda3888aa93dc2e28fc6811b4"},
    {file = "atomicwrites-1.3.0.tar.gz", hash = "sha256:75a9445bac02d8d058d5e1fe689654ba5a6556a1dfd8ce6ec55a0ed79866cfa6"},
]
attrs = [
    {file = "attrs-19.3.0-py2.py3-none-any.whl", hash = "sha256:08a96c641c3a74e44eb59afb61a24f2cb9f4d7188748e76ba4bb5edfa3cb7d1c"},
    {file = "attrs-19.3.0.tar.gz", hash = "sha256:f7b7ce16570fe9965acd6d30101a28f62fb4a7f9e926b3bbc9b61f8b04247e72"},
]
certifi = [
    {file = "certifi-2019.11.28-py2.py3-none-any.whl", hash = "sha256:017c25db2a153ce562900032d5bc68e9f191e44e9a0f762f373977de9df1fbb3"},
    {file = "certifi-2019.11.28.tar.gz", hash = "sha256:25b64c7da4cd7479594d035c08c2d809eb4aab3a26e5a990ea98cc450c320f1f"},
]
cffi = [
    {file = "cffi-1.13.2-cp27-cp27m-macosx_10_6_intel.whl", hash = "sha256:3c9fff570f13480b201e9ab69453108f6d98244a7f495e91b6c654a47486ba43"},
    {file = "cffi-1.13.2-cp27-cp27m-manylinux1_i686.whl", hash = "sha256:2c5e309ec482556397cb21ede0350c5e82f0eb2621de04b2633588d118da4396"},
    {file = "cffi-1.13.2-cp27-cp27m-manylinux1_x86_64.whl", hash = "sha256:19db0cdd6e516f13329cba4903368bff9bb5a9331d3410b1b448daaadc495e54"},
    {file = "cffi-1.13.2-cp27-cp27m-win32.whl", hash = "sha256:5c4fae4e9cdd18c82ba3a134be256e98dc0596af1e7285a3d2602c97dcfa5159"},
    {file = "cffi-1.13.2-cp27-cp27m-win_amd64.whl", hash = "sha256:32a262e2b90ffcfdd97c7a5e24a6012a43c61f1f5a57789ad80af1d26c6acd97"},
    {file = "cffi-1.13.2-cp27-cp27mu-manylinux1_i686.whl", hash = "sha256:4a43c91840bda5f55249413037b7a9b79c90b1184ed504883b72c4df70778579"},
    {file = "cffi-1.13.2-cp27-cp27mu-manylinux1_x86_64.whl", hash = "sha256:8169cf44dd8f9071b2b9248c35fc35e8677451c52f795daa2bb4643f32a540bc"},
    {file = "cffi-1.13.2-cp34-cp34m-macosx_10_6_intel.whl", hash = "sha256:71a608532ab3bd26223c8d841dde43f3516aa5d2bf37b50ac410bb5e99053e8f"},
    {file = "cffi-1.13.2-cp34-cp34m-manylinux1_i686.whl", hash = "sha256:7f627141a26b551bdebbc4855c1157feeef18241b4b8366ed22a5c7d672ef858"},
    {file = "cffi-1.13.2-cp34-cp34m-manylinux1_x86_64.whl", hash = "sha256:0b49274afc941c626b605fb59b59c3485c17dc776dc3cc7cc14aca74cc19cc42"},
    {file = "cffi-1.13.2-cp34-cp34m-win32.whl", hash = "sha256:4424e42199e86b21fc4db83bd76909a6fc2a2aefb352cb5414833c030f6ed71b"},
    {file = "cffi-1.13.2-cp34-cp34m-win_amd64.whl", hash = "sha256:7d4751da932caaec419d514eaa4215eaf14b612cff66398dd51129ac22680b20"},
    {file = "cffi-1.13.2-cp35-cp35m-macosx_10_6_intel.whl", hash = "sha256:ccb032fda0873254380aa2bfad2582aedc2959186cce61e3a17abc1a55ff89c3"},
    {file = "cffi-1.13.2-cp35-cp35m-manylinux1_i686.whl", hash = "sha256:dcd65317dd15bc0451f3e01c80da2216a31916bdcffd6221ca1202d96584aa25"},
    {file = "cffi-1.13.2-cp35-cp35m-manylinux1_x86_64.whl", hash = "sha256:135f69aecbf4517d5b3d6429207b2dff49c876be724ac0c8bf8e1ea99df3d7e5"},
    {file = "cffi-1.13.2-cp35-cp35m-win32.whl", hash = "sha256:7b93a885bb13073afb0aa73ad82059a4c41f4b7d8eb8368980448b52d4c7dc2c"},
    {file = "cffi-1.13.2-cp35-cp35m-win_amd64.whl", hash = "sha256:e570d3ab32e2c2861c4ebe6ffcad6a8abf9347432a37608fe1fbd157b3f0036b"},
    {file = "cffi-1.13.2-cp36-cp36m-macosx_10_6_intel.whl", hash = "sha256:0e3ea92942cb1168e38c05c1d56b0527ce31f1a370f6117f1d490b8dcd6b3a04"},
    {file = "cffi-1.13.2-cp36-cp36m-manylinux1_i686.whl", hash = "sha256:5ecfa867dea6fabe2a58f03ac9186ea64da1386af2159196da51c4904e11d652"},
    {file = "cffi-1.13.2-cp36-cp36m-manylinux1_x86_64.whl", hash = "sha256:291f7c42e21d72144bb1c1b2e825ec60f46d0a7468f5346841860454c7aa8f57"},
    {file = "cffi-1.13.2-cp36-cp36m-win32.whl", hash = "sha256:62f2578358d3a92e4ab2d830cd1c2049c9c0d0e6d3c58322993cc341bdeac22e"},
    {file = "cffi-1.13.2-cp36-cp36m-win_amd64.whl", hash = "sha256:fd43a88e045cf992ed09fa724b5315b790525f2676883a6ea64e3263bae6549d"},
    {file = "cffi-1.13.2-cp37-cp37m-macosx_10_6_intel.whl", hash = "sha256:d75c461e20e29afc0aee7172a0950157c704ff0dd51613506bd7d82b718e7410"},
    {file = "cffi-1.13.2-cp37-cp37m-manylinux1_i686.whl", hash = "sha256:aa00d66c0fab27373ae44ae26a66a9e43ff2a678bf63a9c7c1a9a4d61172827a"},
    {file = "cffi-1.13.2-cp37-cp37m-manylinux1_x86_64.whl", hash = "sha256:2e9c80a8c3344a92cb04661115898a9129c074f7ab82011ef4b612f645939f12"},
    {file = "cffi-1.13.2-cp37-cp37m-win32.whl", hash = "sha256:d754f39e0d1603b5b24a7f8484b22d2904fa551fe865fd0d4c3332f078d20d4e"},
    {file = "cffi-1.13.2-cp37-cp37m-win_amd64.whl", hash = "sha256:6471a82d5abea994e38d2c2abc77164b4f7fbaaf80261cb98394d5793f11b12a"},
    {file = "cffi-1.13.2-cp38-cp38-macosx_10_9_x86_64.whl", hash = "sha256:74a1d8c85fb6ff0b30fbfa8ad0ac23cd601a138f7509dc617ebc65ef305bb98d"},
    {file = "cffi-1.13.2-cp38-cp38-manylinux1_i686.whl", hash = "sha256:42194f54c11abc8583417a7cf4eaff544ce0de8187abaf5d29029c91b1725ad3"},
    {file = "cffi-1.13.2-cp38-cp38-manylinux1_x86_64.whl", hash = "sha256:415bdc7ca8c1c634a6d7163d43fb0ea885a07e9618a64bda407e04b04333b7db"},
    {file = "cffi-1.13.2-cp38-cp38-win32.whl", hash = "sha256:6d4f18483d040e18546108eb13b1dfa1000a089bcf8529e30346116ea6240506"},
    {file = "cffi-1.13.2-cp38-cp38-win_amd64.whl", hash = "sha256:2781e9ad0e9d47173c0093321bb5435a9dfae0ed6a762aabafa13108f5f7b2ba"},
    {file = "cffi-1.13.2.tar.gz", hash = "sha256:599a1e8ff057ac530c9ad1778293c665cb81a791421f46922d80a86473c13346"},
]
chardet = [
    {file = "chardet-3.0.4-py2.py3-none-any.whl", hash = "sha256:fc323ffcaeaed0e0a02bf4d117757b98aed530d9ed4531e3e15460124c106691"},
    {file = "chardet-3.0.4.tar.gz", hash = "sha256:84ab92ed1c4d4f16916e05906b6b75a6c0fb5db821cc65e70cbd64a3e2a5eaae"},
]
codecov = [
    {file = "codecov-2.0.15-py2.py3-none-any.whl", hash = "sha256:ae00d68e18d8a20e9c3288ba3875ae03db3a8e892115bf9b83ef20507732bed4"},
    {file = "codecov-2.0.15.tar.gz", hash = "sha256:8ed8b7c6791010d359baed66f84f061bba5bd41174bf324c31311e8737602788"},
]
colorama = [
    {file = "colorama-0.4.3-py2.py3-none-any.whl", hash = "sha256:7d73d2a99753107a36ac6b455ee49046802e59d9d076ef8e47b61499fa29afff"},
    {file = "colorama-0.4.3.tar.gz", hash = "sha256:e96da0d330793e2cb9485e9ddfd918d456036c7149416295932478192f4436a1"},
]
coverage = [
    {file = "coverage-5.0.1-cp27-cp27m-macosx_10_12_x86_64.whl", hash = "sha256:c90bda74e16bcd03861b09b1d37c0a4158feda5d5a036bb2d6e58de6ff65793e"},
    {file = "coverage-5.0.1-cp27-cp27m-macosx_10_13_intel.whl", hash = "sha256:bb3d29df5d07d5399d58a394d0ef50adf303ab4fbf66dfd25b9ef258effcb692"},
    {file = "coverage-5.0.1-cp27-cp27m-manylinux1_i686.whl", hash = "sha256:1ca43dbd739c0fc30b0a3637a003a0d2c7edc1dd618359d58cc1e211742f8bd1"},
    {file = "coverage-5.0.1-cp27-cp27m-manylinux1_x86_64.whl", hash = "sha256:591506e088901bdc25620c37aec885e82cc896528f28c57e113751e3471fc314"},
    {file = "coverage-5.0.1-cp27-cp27m-win32.whl", hash = "sha256:a50b0888d8a021a3342d36a6086501e30de7d840ab68fca44913e97d14487dc1"},
    {file = "coverage-5.0.1-cp27-cp27m-win_amd64.whl", hash = "sha256:c792d3707a86c01c02607ae74364854220fb3e82735f631cd0a345dea6b4cee5"},
    {file = "coverage-5.0.1-cp27-cp27mu-manylinux1_i686.whl", hash = "sha256:f425f50a6dd807cb9043d15a4fcfba3b5874a54d9587ccbb748899f70dc18c47"},
    {file = "coverage-5.0.1-cp27-cp27mu-manylinux1_x86_64.whl", hash = "sha256:25b8f60b5c7da71e64c18888f3067d5b6f1334b9681876b2fb41eea26de881ae"},
    {file = "coverage-5.0.1-cp35-cp35m-macosx_10_12_x86_64.whl", hash = "sha256:7362a7f829feda10c7265b553455de596b83d1623b3d436b6d3c51c688c57bf6"},
    {file = "coverage-5.0.1-cp35-cp35m-manylinux1_i686.whl", hash = "sha256:fcd4459fe35a400b8f416bc57906862693c9f88b66dc925e7f2a933e77f6b18b"},
    {file = "coverage-5.0.1-cp35-cp35m-manylinux1_x86_64.whl", hash = "sha256:40fbfd6b044c9db13aeec1daf5887d322c710d811f944011757526ef6e323fd9"},
    {file = "coverage-5.0.1-cp35-cp35m-win32.whl", hash = "sha256:7f2675750c50151f806070ec11258edf4c328340916c53bac0adbc465abd6b1e"},
    {file = "coverage-5.0.1-cp35-cp35m-win_amd64.whl", hash = "sha256:24bcfa86fd9ce86b73a8368383c39d919c497a06eebb888b6f0c12f13e920b1a"},
    {file = "coverage-5.0.1-cp36-cp36m-macosx_10_13_x86_64.whl", hash = "sha256:eeafb646f374988c22c8e6da5ab9fb81367ecfe81c70c292623373d2a021b1a1"},
    {file = "coverage-5.0.1-cp36-cp36m-manylinux1_i686.whl", hash = "sha256:2ca2cd5264e84b2cafc73f0045437f70c6378c0d7dbcddc9ee3fe192c1e29e5d"},
    {file = "coverage-5.0.1-cp36-cp36m-manylinux1_x86_64.whl", hash = "sha256:2cc707fc9aad2592fc686d63ef72dc0031fc98b6fb921d2f5395d9ab84fbc3ef"},
    {file = "coverage-5.0.1-cp36-cp36m-win32.whl", hash = "sha256:04b961862334687549eb91cd5178a6fbe977ad365bddc7c60f2227f2f9880cf4"},
    {file = "coverage-5.0.1-cp36-cp36m-win_amd64.whl", hash = "sha256:232f0b52a5b978288f0bbc282a6c03fe48cd19a04202df44309919c142b3bb9c"},
    {file = "coverage-5.0.1-cp37-cp37m-macosx_10_13_x86_64.whl", hash = "sha256:cfce79ce41cc1a1dc7fc85bb41eeeb32d34a4cf39a645c717c0550287e30ff06"},
    {file = "coverage-5.0.1-cp37-cp37m-manylinux1_i686.whl", hash = "sha256:46c9c6a1d1190c0b75ec7c0f339088309952b82ae8d67a79ff1319eb4e749b96"},
    {file = "coverage-5.0.1-cp37-cp37m-manylinux1_x86_64.whl", hash = "sha256:1cbb88b34187bdb841f2599770b7e6ff8e259dc3bb64fc7893acf44998acf5f8"},
    {file = "coverage-5.0.1-cp37-cp37m-win32.whl", hash = "sha256:ff3936dd5feaefb4f91c8c1f50a06c588b5dc69fba4f7d9c79a6617ad80bb7df"},
    {file = "coverage-5.0.1-cp37-cp37m-win_amd64.whl", hash = "sha256:65bead1ac8c8930cf92a1ccaedcce19a57298547d5d1db5c9d4d068a0675c38b"},
    {file = "coverage-5.0.1-cp38-cp38-macosx_10_13_x86_64.whl", hash = "sha256:348630edea485f4228233c2f310a598abf8afa5f8c716c02a9698089687b6085"},
    {file = "coverage-5.0.1-cp38-cp38-manylinux1_i686.whl", hash = "sha256:960d7f42277391e8b1c0b0ae427a214e1b31a1278de6b73f8807b20c2e913bba"},
    {file = "coverage-5.0.1-cp38-cp38-manylinux1_x86_64.whl", hash = "sha256:0101888bd1592a20ccadae081ba10e8b204d20235d18d05c6f7d5e904a38fc10"},
    {file = "coverage-5.0.1-cp38-cp38m-win32.whl", hash = "sha256:c0fff2733f7c2950f58a4fd09b5db257b00c6fec57bf3f68c5bae004d804b407"},
    {file = "coverage-5.0.1-cp38-cp38m-win_amd64.whl", hash = "sha256:5f622f19abda4e934938e24f1d67599249abc201844933a6f01aaa8663094489"},
    {file = "coverage-5.0.1-cp39-cp39m-win32.whl", hash = "sha256:2714160a63da18aed9340c70ed514973971ee7e665e6b336917ff4cca81a25b1"},
    {file = "coverage-5.0.1-cp39-cp39m-win_amd64.whl", hash = "sha256:b7dbc5e8c39ea3ad3db22715f1b5401cd698a621218680c6daf42c2f9d36e205"},
    {file = "coverage-5.0.1.tar.gz", hash = "sha256:5ac71bba1e07eab403b082c4428f868c1c9e26a21041436b4905c4c3d4e49b08"},
]
cryptography = [
    {file = "cryptography-2.8-cp27-cp27m-macosx_10_6_intel.whl", hash = "sha256:fb81c17e0ebe3358486cd8cc3ad78adbae58af12fc2bf2bc0bb84e8090fa5ce8"},
    {file = "cryptography-2.8-cp27-cp27m-manylinux1_x86_64.whl", hash = "sha256:44ff04138935882fef7c686878e1c8fd80a723161ad6a98da31e14b7553170c2"},
    {file = "cryptography-2.8-cp27-cp27m-manylinux2010_x86_64.whl", hash = "sha256:369d2346db5934345787451504853ad9d342d7f721ae82d098083e1f49a582ad"},
    {file = "cryptography-2.8-cp27-cp27m-win32.whl", hash = "sha256:df6b4dca2e11865e6cfbfb708e800efb18370f5a46fd601d3755bc7f85b3a8a2"},
    {file = "cryptography-2.8-cp27-cp27m-win_amd64.whl", hash = "sha256:7f09806ed4fbea8f51585231ba742b58cbcfbfe823ea197d8c89a5e433c7e912"},
    {file = "cryptography-2.8-cp27-cp27mu-manylinux1_x86_64.whl", hash = "sha256:58363dbd966afb4f89b3b11dfb8ff200058fbc3b947507675c19ceb46104b48d"},
    {file = "cryptography-2.8-cp27-cp27mu-manylinux2010_x86_64.whl", hash = "sha256:6ec280fb24d27e3d97aa731e16207d58bd8ae94ef6eab97249a2afe4ba643d42"},
    {file = "cryptography-2.8-cp34-abi3-macosx_10_6_intel.whl", hash = "sha256:b43f53f29816ba1db8525f006fa6f49292e9b029554b3eb56a189a70f2a40879"},
    {file = "cryptography-2.8-cp34-abi3-manylinux1_x86_64.whl", hash = "sha256:7270a6c29199adc1297776937a05b59720e8a782531f1f122f2eb8467f9aab4d"},
    {file = "cryptography-2.8-cp34-abi3-manylinux2010_x86_64.whl", hash = "sha256:de96157ec73458a7f14e3d26f17f8128c959084931e8997b9e655a39c8fde9f9"},
    {file = "cryptography-2.8-cp34-cp34m-win32.whl", hash = "sha256:02079a6addc7b5140ba0825f542c0869ff4df9a69c360e339ecead5baefa843c"},
    {file = "cryptography-2.8-cp34-cp34m-win_amd64.whl", hash = "sha256:b0de590a8b0979649ebeef8bb9f54394d3a41f66c5584fff4220901739b6b2f0"},
    {file = "cryptography-2.8-cp35-cp35m-win32.whl", hash = "sha256:ecadccc7ba52193963c0475ac9f6fa28ac01e01349a2ca48509667ef41ffd2cf"},
    {file = "cryptography-2.8-cp35-cp35m-win_amd64.whl", hash = "sha256:90df0cc93e1f8d2fba8365fb59a858f51a11a394d64dbf3ef844f783844cc793"},
    {file = "cryptography-2.8-cp36-cp36m-win32.whl", hash = "sha256:1df22371fbf2004c6f64e927668734070a8953362cd8370ddd336774d6743595"},
    {file = "cryptography-2.8-cp36-cp36m-win_amd64.whl", hash = "sha256:a518c153a2b5ed6b8cc03f7ae79d5ffad7315ad4569b2d5333a13c38d64bd8d7"},
    {file = "cryptography-2.8-cp37-cp37m-win32.whl", hash = "sha256:4b1030728872c59687badcca1e225a9103440e467c17d6d1730ab3d2d64bfeff"},
    {file = "cryptography-2.8-cp37-cp37m-win_amd64.whl", hash = "sha256:d31402aad60ed889c7e57934a03477b572a03af7794fa8fb1780f21ea8f6551f"},
    {file = "cryptography-2.8-cp38-cp38-win32.whl", hash = "sha256:73fd30c57fa2d0a1d7a49c561c40c2f79c7d6c374cc7750e9ac7c99176f6428e"},
    {file = "cryptography-2.8-cp38-cp38-win_amd64.whl", hash = "sha256:971221ed40f058f5662a604bd1ae6e4521d84e6cad0b7b170564cc34169c8f13"},
    {file = "cryptography-2.8.tar.gz", hash = "sha256:3cda1f0ed8747339bbdf71b9f38ca74c7b592f24f65cdb3ab3765e4b02871651"},
]
dj-database-url = [
    {file = "dj-database-url-0.5.0.tar.gz", hash = "sha256:4aeaeb1f573c74835b0686a2b46b85990571159ffc21aa57ecd4d1e1cb334163"},
    {file = "dj_database_url-0.5.0-py2.py3-none-any.whl", hash = "sha256:851785365761ebe4994a921b433062309eb882fedd318e1b0fcecc607ed02da9"},
]
django = [
    {file = "Django-2.2.13-py3-none-any.whl", hash = "sha256:e8fe3c2b2212dce6126becab7a693157f1a441a07b62ec994c046c76af5bb66d"},
    {file = "Django-2.2.13.tar.gz", hash = "sha256:84f370f6acedbe1f3c41e1a02de44ac206efda3355e427139ecb785b5f596d80"},
]
django-dbbackup = [
    {file = "django-dbbackup-3.2.0.tar.gz", hash = "sha256:9470e5d8bdaee4feb878b1b66c59eb9b27a131cccd648bf7cbfe70930acd4fc0"},
]
django-extensions = [
    {file = "django-extensions-2.2.5.tar.gz", hash = "sha256:b58320d3fe3d6ae7d1d8e38959713fa92272f4921e662d689058d942a5b444f7"},
    {file = "django_extensions-2.2.5-py2.py3-none-any.whl", hash = "sha256:a9db7c56a556d244184f589f2437b4228de86ee45e5ebb837fb20c6d54e95ea5"},
]
emoji = [
    {file = "emoji-0.5.4.tar.gz", hash = "sha256:60652d3a2dcee5b8af8acb097c31776fb6d808027aeb7221830f72cdafefc174"},
]
execnet = [
    {file = "execnet-1.7.1-py2.py3-none-any.whl", hash = "sha256:d4efd397930c46415f62f8a31388d6be4f27a91d7550eb79bc64a756e0056547"},
    {file = "execnet-1.7.1.tar.gz", hash = "sha256:cacb9df31c9680ec5f95553976c4da484d407e85e41c83cb812aa014f0eddc50"},
]
future = [
    {file = "future-0.18.2.tar.gz", hash = "sha256:b1bead90b70cf6ec3f0710ae53a525360fa360d306a86583adc6bf83a4db537d"},
]
gunicorn = [
    {file = "gunicorn-19.10.0-py2.py3-none-any.whl", hash = "sha256:c3930fe8de6778ab5ea716cab432ae6335fa9f03b3f2c3e02529214c476f4bcb"},
    {file = "gunicorn-19.10.0.tar.gz", hash = "sha256:f9de24e358b841567063629cd0a656b26792a41e23a24d0dcb40224fc3940081"},
]
idna = [
    {file = "idna-2.8-py2.py3-none-any.whl", hash = "sha256:ea8b7f6188e6fa117537c3df7da9fc686d485087abf6ac197f9c46432f7e4a3c"},
    {file = "idna-2.8.tar.gz", hash = "sha256:c357b3f628cf53ae2c4c05627ecc484553142ca23264e593d327bcde5e9c3407"},
]
importlib-metadata = [
    {file = "importlib_metadata-1.3.0-py2.py3-none-any.whl", hash = "sha256:d95141fbfa7ef2ec65cfd945e2af7e5a6ddbd7c8d9a25e66ff3be8e3daf9f60f"},
    {file = "importlib_metadata-1.3.0.tar.gz", hash = "sha256:073a852570f92da5f744a3472af1b61e28e9f78ccf0c9117658dc32b15de7b45"},
]
more-itertools = [
    {file = "more-itertools-8.0.2.tar.gz", hash = "sha256:b84b238cce0d9adad5ed87e745778d20a3f8487d0f0cb8b8a586816c7496458d"},
    {file = "more_itertools-8.0.2-py3-none-any.whl", hash = "sha256:c833ef592a0324bcc6a60e48440da07645063c453880c9477ceb22490aec1564"},
]
packaging = [
    {file = "packaging-19.2-py2.py3-none-any.whl", hash = "sha256:d9551545c6d761f3def1677baf08ab2a3ca17c56879e70fecba2fc4dde4ed108"},
    {file = "packaging-19.2.tar.gz", hash = "sha256:28b924174df7a2fa32c1953825ff29c61e2f5e082343165438812f00d3a7fc47"},
]
pluggy = [
    {file = "pluggy-0.13.1-py2.py3-none-any.whl", hash = "sha256:966c145cd83c96502c3c3868f50408687b38434af77734af1e9ca461a4081d2d"},
    {file = "pluggy-0.13.1.tar.gz", hash = "sha256:15b2acde666561e1298d71b523007ed7364de07029219b604cf808bfa1c765b0"},
]
psycopg2-binary = [
    {file = "psycopg2-binary-2.8.4.tar.gz", hash = "sha256:3a2522b1d9178575acee4adf8fd9f979f9c0449b00b4164bb63c3475ea6528ed"},
    {file = "psycopg2_binary-2.8.4-cp27-cp27m-macosx_10_6_intel.macosx_10_9_intel.macosx_10_9_x86_64.macosx_10_10_intel.macosx_10_10_x86_64.whl", hash = "sha256:890167d5091279a27e2505ff0e1fb273f8c48c41d35c5b92adbf4af80e6b2ed6"},
    {file = "psycopg2_binary-2.8.4-cp27-cp27m-manylinux1_i686.whl", hash = "sha256:dbc5cd56fff1a6152ca59445178652756f4e509f672e49ccdf3d79c1043113a4"},
    {file = "psycopg2_binary-2.8.4-cp27-cp27m-manylinux1_x86_64.whl", hash = "sha256:7f42a8490c4fe854325504ce7a6e4796b207960dabb2cbafe3c3959cb00d1d7e"},
    {file = "psycopg2_binary-2.8.4-cp27-cp27m-win32.whl", hash = "sha256:8578d6b8192e4c805e85f187bc530d0f52ba86c39172e61cd51f68fddd648103"},
    {file = "psycopg2_binary-2.8.4-cp27-cp27m-win_amd64.whl", hash = "sha256:5dd90c5438b4f935c9d01fcbad3620253da89d19c1f5fca9158646407ed7df35"},
    {file = "psycopg2_binary-2.8.4-cp27-cp27mu-manylinux1_i686.whl", hash = "sha256:9aadff9032e967865f9778485571e93908d27dab21d0fdfdec0ca779bb6f8ad9"},
    {file = "psycopg2_binary-2.8.4-cp27-cp27mu-manylinux1_x86_64.whl", hash = "sha256:659c815b5b8e2a55193ede2795c1e2349b8011497310bb936da7d4745652823b"},
    {file = "psycopg2_binary-2.8.4-cp34-cp34m-manylinux1_i686.whl", hash = "sha256:2166e770cb98f02ed5ee2b0b569d40db26788e0bf2ec3ae1a0d864ea6f1d8309"},
    {file = "psycopg2_binary-2.8.4-cp34-cp34m-manylinux1_x86_64.whl", hash = "sha256:7e6e3c52e6732c219c07bd97fff6c088f8df4dae3b79752ee3a817e6f32e177e"},
    {file = "psycopg2_binary-2.8.4-cp34-cp34m-win32.whl", hash = "sha256:040234f8a4a8dfd692662a8308d78f63f31a97e1c42d2480e5e6810c48966a29"},
    {file = "psycopg2_binary-2.8.4-cp34-cp34m-win_amd64.whl", hash = "sha256:69b13fdf12878b10dc6003acc8d0abf3ad93e79813fd5f3812497c1c9fb9be49"},
    {file = "psycopg2_binary-2.8.4-cp35-cp35m-macosx_10_6_intel.macosx_10_9_intel.macosx_10_9_x86_64.macosx_10_10_intel.macosx_10_10_x86_64.whl", hash = "sha256:19dc39616850342a2a6db70559af55b22955f86667b5f652f40c0e99253d9881"},
    {file = "psycopg2_binary-2.8.4-cp35-cp35m-manylinux1_i686.whl", hash = "sha256:9f24f383a298a0c0f9b3113b982e21751a8ecde6615494a3f1470eb4a9d70e9e"},
    {file = "psycopg2_binary-2.8.4-cp35-cp35m-manylinux1_x86_64.whl", hash = "sha256:eaed1c65f461a959284649e37b5051224f4db6ebdc84e40b5e65f2986f101a08"},
    {file = "psycopg2_binary-2.8.4-cp35-cp35m-win32.whl", hash = "sha256:4c6717962247445b4f9e21c962ea61d2e884fc17df5ddf5e35863b016f8a1f03"},
    {file = "psycopg2_binary-2.8.4-cp35-cp35m-win_amd64.whl", hash = "sha256:84156313f258eafff716b2961644a4483a9be44a5d43551d554844d15d4d224e"},
    {file = "psycopg2_binary-2.8.4-cp36-cp36m-macosx_10_6_intel.macosx_10_9_intel.macosx_10_9_x86_64.macosx_10_10_intel.macosx_10_10_x86_64.whl", hash = "sha256:3b5deaa3ee7180585a296af33e14c9b18c218d148e735c7accf78130765a47e3"},
    {file = "psycopg2_binary-2.8.4-cp36-cp36m-manylinux1_i686.whl", hash = "sha256:5057669b6a66aa9ca118a2a860159f0ee3acf837eda937bdd2a64f3431361a2d"},
    {file = "psycopg2_binary-2.8.4-cp36-cp36m-manylinux1_x86_64.whl", hash = "sha256:afd96845e12638d2c44d213d4810a08f4dc4a563f9a98204b7428e567014b1cd"},
    {file = "psycopg2_binary-2.8.4-cp36-cp36m-win32.whl", hash = "sha256:a73021b44813b5c84eda4a3af5826dd72356a900bac9bd9dd1f0f81ee1c22c2f"},
    {file = "psycopg2_binary-2.8.4-cp36-cp36m-win_amd64.whl", hash = "sha256:407af6d7e46593415f216c7f56ba087a9a42bd6dc2ecb86028760aa45b802bd7"},
    {file = "psycopg2_binary-2.8.4-cp37-cp37m-macosx_10_6_intel.macosx_10_9_intel.macosx_10_9_x86_64.macosx_10_10_intel.macosx_10_10_x86_64.whl", hash = "sha256:3aa773580f85a28ffdf6f862e59cb5a3cc7ef6885121f2de3fca8d6ada4dbf3b"},
    {file = "psycopg2_binary-2.8.4-cp37-cp37m-manylinux1_i686.whl", hash = "sha256:eac8a3499754790187bb00574ab980df13e754777d346f85e0ff6df929bcd964"},
    {file = "psycopg2_binary-2.8.4-cp37-cp37m-manylinux1_x86_64.whl", hash = "sha256:7a1cb80e35e1ccea3e11a48afe65d38744a0e0bde88795cc56a4d05b6e4f9d70"},
    {file = "psycopg2_binary-2.8.4-cp37-cp37m-win32.whl", hash = "sha256:086f7e89ec85a6704db51f68f0dcae432eff9300809723a6e8782c41c2f48e03"},
    {file = "psycopg2_binary-2.8.4-cp37-cp37m-win_amd64.whl", hash = "sha256:b73ddf033d8cd4cc9dfed6324b1ad2a89ba52c410ef6877998422fcb9c23e3a8"},
    {file = "psycopg2_binary-2.8.4-cp38-cp38-macosx_10_9_x86_64.macosx_10_9_intel.macosx_10_10_intel.macosx_10_10_x86_64.whl", hash = "sha256:4c3c09fb674401f630626310bcaf6cd6285daf0d5e4c26d6e55ca26a2734e39b"},
    {file = "psycopg2_binary-2.8.4-cp38-cp38-manylinux1_i686.whl", hash = "sha256:18ca813fdb17bc1db73fe61b196b05dd1ca2165b884dd5ec5568877cabf9b039"},
    {file = "psycopg2_binary-2.8.4-cp38-cp38-manylinux1_x86_64.whl", hash = "sha256:50446fae5681fc99f87e505d4e77c9407e683ab60c555ec302f9ac9bffa61103"},
    {file = "psycopg2_binary-2.8.4-cp38-cp38-win32.whl", hash = "sha256:98e10634792ac0e9e7a92a76b4991b44c2325d3e7798270a808407355e7bb0a1"},
    {file = "psycopg2_binary-2.8.4-cp38-cp38-win_amd64.whl", hash = "sha256:b8f490f5fad1767a1331df1259763b3bad7d7af12a75b950c2843ba319b2415f"},
]
py = [
    {file = "py-1.10.0-py2.py3-none-any.whl", hash = "sha256:3b80836aa6d1feeaa108e046da6423ab8f6ceda6468545ae8d02d9d58d18818a"},
    {file = "py-1.10.0.tar.gz", hash = "sha256:21b81bda15b66ef5e1a777a21c4dcd9c20ad3efd0b3f817e7a809035269e1bd3"},
]
pycparser = [
    {file = "pycparser-2.19.tar.gz", hash = "sha256:a988718abfad80b6b157acce7bf130a30876d27603738ac39f140993246b25b3"},
]
pyparsing = [
    {file = "pyparsing-2.4.6-py2.py3-none-any.whl", hash = "sha256:c342dccb5250c08d45fd6f8b4a559613ca603b57498511740e65cd11a2e7dcec"},
    {file = "pyparsing-2.4.6.tar.gz", hash = "sha256:4c830582a84fb022400b85429791bc551f1f4871c33f23e44f353119e92f969f"},
]
pytest = [
    {file = "pytest-4.6.8-py2.py3-none-any.whl", hash = "sha256:f8447ebf8fd3d362868a5d3f43a9df786dfdfe9608843bd9002a2d47a104808f"},
    {file = "pytest-4.6.8.tar.gz", hash = "sha256:6192875be8af57b694b7c4904e909680102befcb99e610ef3d9f786952f795aa"},
]
pytest-cov = [
    {file = "pytest-cov-2.8.1.tar.gz", hash = "sha256:cc6742d8bac45070217169f5f72ceee1e0e55b0221f54bcf24845972d3a47f2b"},
    {file = "pytest_cov-2.8.1-py2.py3-none-any.whl", hash = "sha256:cdbdef4f870408ebdbfeb44e63e07eb18bb4619fae852f6e760645fa36172626"},
]
pytest-django = [
    {file = "pytest-django-3.7.0.tar.gz", hash = "sha256:17592f06d51c2ef4b7a0fb24aa32c8b6998506a03c8439606cb96db160106659"},
    {file = "pytest_django-3.7.0-py2.py3-none-any.whl", hash = "sha256:ef3d15b35ed7e46293475e6f282e71a53bcd8c6f87bdc5d5e7ad0f4d49352127"},
]
pytest-forked = [
    {file = "pytest-forked-1.1.3.tar.gz", hash = "sha256:1805699ed9c9e60cb7a8179b8d4fa2b8898098e82d229b0825d8095f0f261100"},
    {file = "pytest_forked-1.1.3-py2.py3-none-any.whl", hash = "sha256:1ae25dba8ee2e56fb47311c9638f9e58552691da87e82d25b0ce0e4bf52b7d87"},
]
pytest-mock = [
    {file = "pytest-mock-1.13.0.tar.gz", hash = "sha256:e24a911ec96773022ebcc7030059b57cd3480b56d4f5d19b7c370ec635e6aed5"},
    {file = "pytest_mock-1.13.0-py2.py3-none-any.whl", hash = "sha256:67e414b3caef7bff6fc6bd83b22b5bc39147e4493f483c2679bc9d4dc485a94d"},
]
pytest-xdist = [
    {file = "pytest-xdist-1.31.0.tar.gz", hash = "sha256:7dc0d027d258cd0defc618fb97055fbd1002735ca7a6d17037018cf870e24011"},
    {file = "pytest_xdist-1.31.0-py2.py3-none-any.whl", hash = "sha256:0f46020d3d9619e6d17a65b5b989c1ebbb58fc7b1da8fb126d70f4bac4dfeed1"},
]
python-telegram-bot = [
    {file = "python-telegram-bot-12.0.0b1.tar.gz", hash = "sha256:a5a520ac3fbfda0f35ecfe3c953a2e220a4ef8a03e6117b46bd24d75580bd277"},
    {file = "python_telegram_bot-12.0.0b1-py2.py3-none-any.whl", hash = "sha256:29f7397ef7c697bc8a3bef3c26895879258d7a8257daf535259a2dd12b8a0f67"},
]
pytz = [
    {file = "pytz-2019.3-py2.py3-none-any.whl", hash = "sha256:1c557d7d0e871de1f5ccd5833f60fb2550652da6be2693c1e02300743d21500d"},
    {file = "pytz-2019.3.tar.gz", hash = "sha256:b02c06db6cf09c12dd25137e563b31700d3b80fcc4ad23abb7a315f2789819be"},
]
redis = [
    {file = "redis-3.3.11-py2.py3-none-any.whl", hash = "sha256:3613daad9ce5951e426f460deddd5caf469e08a3af633e9578fc77d362becf62"},
    {file = "redis-3.3.11.tar.gz", hash = "sha256:8d0fc278d3f5e1249967cba2eb4a5632d19e45ce5c09442b8422d15ee2c22cc2"},
]
regex = [
    {file = "regex-2019.12.20-cp27-cp27m-win32.whl", hash = "sha256:7bbbdbada3078dc360d4692a9b28479f569db7fc7f304b668787afc9feb38ec8"},
    {file = "regex-2019.12.20-cp27-cp27m-win_amd64.whl", hash = "sha256:a83049eb717ae828ced9cf607845929efcb086a001fc8af93ff15c50012a5716"},
    {file = "regex-2019.12.20-cp36-cp36m-manylinux1_i686.whl", hash = "sha256:27d1bd20d334f50b7ef078eba0f0756a640fd25f5f1708d3b5bed18a5d6bced9"},
    {file = "regex-2019.12.20-cp36-cp36m-manylinux1_x86_64.whl", hash = "sha256:1768cf42a78a11dae63152685e7a1d90af7a8d71d2d4f6d2387edea53a9e0588"},
    {file = "regex-2019.12.20-cp36-cp36m-manylinux2010_i686.whl", hash = "sha256:4850c78b53acf664a6578bba0e9ebeaf2807bb476c14ec7e0f936f2015133cae"},
    {file = "regex-2019.12.20-cp36-cp36m-manylinux2010_x86_64.whl", hash = "sha256:78b3712ec529b2a71731fbb10b907b54d9c53a17ca589b42a578bc1e9a2c82ea"},
    {file = "regex-2019.12.20-cp36-cp36m-win32.whl", hash = "sha256:8d9ef7f6c403e35e73b7fc3cde9f6decdc43b1cb2ff8d058c53b9084bfcb553e"},
    {file = "regex-2019.12.20-cp36-cp36m-win_amd64.whl", hash = "sha256:faad39fdbe2c2ccda9846cd21581063086330efafa47d87afea4073a08128656"},
    {file = "regex-2019.12.20-cp37-cp37m-manylinux1_i686.whl", hash = "sha256:adc35d38952e688535980ae2109cad3a109520033642e759f987cf47fe278aa1"},
    {file = "regex-2019.12.20-cp37-cp37m-manylinux1_x86_64.whl", hash = "sha256:ef0b828a7e22e58e06a1cceddba7b4665c6af8afeb22a0d8083001330572c147"},
    {file = "regex-2019.12.20-cp37-cp37m-manylinux2010_i686.whl", hash = "sha256:0e6cf1e747f383f52a0964452658c04300a9a01e8a89c55ea22813931b580aa8"},
    {file = "regex-2019.12.20-cp37-cp37m-manylinux2010_x86_64.whl", hash = "sha256:032fdcc03406e1a6485ec09b826eac78732943840c4b29e503b789716f051d8d"},
    {file = "regex-2019.12.20-cp37-cp37m-win32.whl", hash = "sha256:77ae8d926f38700432807ba293d768ba9e7652df0cbe76df2843b12f80f68885"},
    {file = "regex-2019.12.20-cp37-cp37m-win_amd64.whl", hash = "sha256:c29a77ad4463f71a506515d9ec3a899ed026b4b015bf43245c919ff36275444b"},
    {file = "regex-2019.12.20-cp38-cp38-manylinux1_i686.whl", hash = "sha256:57eacd38a5ec40ed7b19a968a9d01c0d977bda55664210be713e750dd7b33540"},
    {file = "regex-2019.12.20-cp38-cp38-manylinux1_x86_64.whl", hash = "sha256:724eb24b92fc5fdc1501a1b4df44a68b9c1dda171c8ef8736799e903fb100f63"},
    {file = "regex-2019.12.20-cp38-cp38-manylinux2010_i686.whl", hash = "sha256:d508875793efdf6bab3d47850df8f40d4040ae9928d9d80864c1768d6aeaf8e3"},
    {file = "regex-2019.12.20-cp38-cp38-manylinux2010_x86_64.whl", hash = "sha256:cfd31b3300fefa5eecb2fe596c6dee1b91b3a05ece9d5cfd2631afebf6c6fadd"},
    {file = "regex-2019.12.20-cp38-cp38-win32.whl", hash = "sha256:29b20f66f2e044aafba86ecf10a84e611b4667643c42baa004247f5dfef4f90b"},
    {file = "regex-2019.12.20-cp38-cp38-win_amd64.whl", hash = "sha256:d3ee0b035816e0520fac928de31b6572106f0d75597f6fa3206969a02baba06f"},
    {file = "regex-2019.12.20.tar.gz", hash = "sha256:106e25a841921d8259dcef2a42786caae35bc750fb996f830065b3dfaa67b77e"},
]
requests = [
    {file = "requests-2.22.0-py2.py3-none-any.whl", hash = "sha256:9cf5292fcd0f598c671cfc1e0d7d1a7f13bb8085e9a590f48c010551dc6c4b31"},
    {file = "requests-2.22.0.tar.gz", hash = "sha256:11e007a8a2aa0323f5a921e9e6a2d7e4e67d9877e85773fba9ba6419025cbeb4"},
]
schedule = [
    {file = "schedule-0.6.0-py2.py3-none-any.whl", hash = "sha256:3f895a1036799a25ab9c335de917073e63cf8256920917e932777382f101f08f"},
    {file = "schedule-0.6.0.tar.gz", hash = "sha256:f9fb5181283de4db6e701d476dd01b6a3dd81c38462a54991ddbb9d26db857c9"},
]
six = [
    {file = "six-1.13.0-py2.py3-none-any.whl", hash = "sha256:1f1b7d42e254082a9db6279deae68afb421ceba6158efa6131de7b3003ee93fd"},
    {file = "six-1.13.0.tar.gz", hash = "sha256:30f610279e8b2578cab6db20741130331735c781b56053c59c4076da27f06b66"},
]
sqlparse = [
    {file = "sqlparse-0.3.0-py2.py3-none-any.whl", hash = "sha256:40afe6b8d4b1117e7dff5504d7a8ce07d9a1b15aeeade8a2d10f130a834f8177"},
    {file = "sqlparse-0.3.0.tar.gz", hash = "sha256:7c3dca29c022744e95b547e867cee89f4fce4373f3549ccd8797d8eb52cdb873"},
]
tornado = [
    {file = "tornado-6.0.3-cp35-cp35m-win32.whl", hash = "sha256:c9399267c926a4e7c418baa5cbe91c7d1cf362d505a1ef898fde44a07c9dd8a5"},
    {file = "tornado-6.0.3-cp35-cp35m-win_amd64.whl", hash = "sha256:398e0d35e086ba38a0427c3b37f4337327231942e731edaa6e9fd1865bbd6f60"},
    {file = "tornado-6.0.3-cp36-cp36m-win32.whl", hash = "sha256:4e73ef678b1a859f0cb29e1d895526a20ea64b5ffd510a2307b5998c7df24281"},
    {file = "tornado-6.0.3-cp36-cp36m-win_amd64.whl", hash = "sha256:349884248c36801afa19e342a77cc4458caca694b0eda633f5878e458a44cb2c"},
    {file = "tornado-6.0.3-cp37-cp37m-win32.whl", hash = "sha256:559bce3d31484b665259f50cd94c5c28b961b09315ccd838f284687245f416e5"},
    {file = "tornado-6.0.3-cp37-cp37m-win_amd64.whl", hash = "sha256:abbe53a39734ef4aba061fca54e30c6b4639d3e1f59653f0da37a0003de148c7"},
    {file = "tornado-6.0.3.tar.gz", hash = "sha256:c845db36ba616912074c5b1ee897f8e0124df269468f25e4fe21fe72f6edd7a9"},
]
urllib3 = [
    {file = "urllib3-1.25.7-py2.py3-none-any.whl", hash = "sha256:a8a318824cc77d1fd4b2bec2ded92646630d7fe8619497b142c84a9e6f5a7293"},
    {file = "urllib3-1.25.7.tar.gz", hash = "sha256:f3c5fd51747d450d4dcf6f923c81f78f811aab8205fda64b0aba34a4e48b0745"},
]
wcwidth = [
    {file = "wcwidth-0.1.7-py2.py3-none-any.whl", hash = "sha256:f4ebe71925af7b40a864553f761ed559b43544f8f71746c2d756c7fe788ade7c"},
    {file = "wcwidth-0.1.7.tar.gz", hash = "sha256:3df37372226d6e63e1b1e1eda15c594bca98a22d33a23832a90998faa96bc65e"},
]
whitenoise = [
    {file = "whitenoise-4.1.4-py2.py3-none-any.whl", hash = "sha256:6dfea214b7c12efd689007abf9afa87a426586e9dbc051873ad2c8e535e2a1ac"},
    {file = "whitenoise-4.1.4.tar.gz", hash = "sha256:22f79cf8f1f509639330f93886acaece8ec5ac5e9600c3b981d33c34e8a42dfd"},
]
zipp = [
    {file = "zipp-0.6.0-py2.py3-none-any.whl", hash = "sha256:f06903e9f1f43b12d371004b4ac7b06ab39a44adc747266928ae6debfa7b3335"},
    {file = "zipp-0.6.0.tar.gz", hash = "sha256:3718b1cbcd963c7d4c5511a8240812904164b7f381b647143a89d3b98f9bcd8e"},
]
